
Microsoft Visual Studio Solution File, Format Version 12.00
# Visual Studio Version 16
VisualStudioVersion = 16.0.30621.155
MinimumVisualStudioVersion = 10.0.40219.1
Project("{FAE04EC0-301F-11D3-BF4B-00C04F79EFBC}") = "MyProject.WebApi", "MyProject.WebApi\MyProject.WebApi.csproj", "{23D912D4-D88E-40F1-98EC-0C6399C966CA}"
EndProject
Project("{FAE04EC0-301F-11D3-BF4B-00C04F79EFBC}") = "MyProject.Core", "MyProject.Core\MyProject.Core.csproj", "{013496B4-F132-4474-8091-6B8BB36DCF7D}"
EndProject
Project("{FAE04EC0-301F-11D3-BF4B-00C04F79EFBC}") = "MyProject.DataAccess", "MyProject.DataAccess\MyProject.DataAccess.csproj", "{B3A6ABFB-B4E6-41F4-A01F-D35EF0DAEC55}"
EndProject
Project("{FAE04EC0-301F-11D3-BF4B-00C04F79EFBC}") = "MyProject.BusinessLayer", "MyProject.BusinessLayer\MyProject.BusinessLayer.csproj", "{6C0F3E3E-E22D-4626-9986-A4D66EB870E7}"
EndProject
Project("{FAE04EC0-301F-11D3-BF4B-00C04F79EFBC}") = "MyProject.Entities", "MyProject.Entities\MyProject.Entities.csproj", "{4386476C-89C5-455D-B3B2-6CF6CAF7E717}"
EndProject
Global
	GlobalSection(SolutionConfigurationPlatforms) = preSolution
		Debug|Any CPU = Debug|Any CPU
		Release|Any CPU = Release|Any CPU
	EndGlobalSection
	GlobalSection(ProjectConfigurationPlatforms) = postSolution
		{23D912D4-D88E-40F1-98EC-0C6399C966CA}.Debug|Any CPU.ActiveCfg = Debug|Any CPU
		{23D912D4-D88E-40F1-98EC-0C6399C966CA}.Debug|Any CPU.Build.0 = Debug|Any CPU
		{23D912D4-D88E-40F1-98EC-0C6399C966CA}.Release|Any CPU.ActiveCfg = Release|Any CPU
		{23D912D4-D88E-40F1-98EC-0C6399C966CA}.Release|Any CPU.Build.0 = Release|Any CPU
		{013496B4-F132-4474-8091-6B8BB36DCF7D}.Debug|Any CPU.ActiveCfg = Debug|Any CPU
		{013496B4-F132-4474-8091-6B8BB36DCF7D}.Debug|Any CPU.Build.0 = Debug|Any CPU
		{013496B4-F132-4474-8091-6B8BB36DCF7D}.Release|Any CPU.ActiveCfg = Release|Any CPU
		{013496B4-F132-4474-8091-6B8BB36DCF7D}.Release|Any CPU.Build.0 = Release|Any CPU
		{B3A6ABFB-B4E6-41F4-A01F-D35EF0DAEC55}.Debug|Any CPU.ActiveCfg = Debug|Any CPU
		{B3A6ABFB-B4E6-41F4-A01F-D35EF0DAEC55}.Debug|Any CPU.Build.0 = Debug|Any CPU
		{B3A6ABFB-B4E6-41F4-A01F-D35EF0DAEC55}.Release|Any CPU.ActiveCfg = Release|Any CPU
		{B3A6ABFB-B4E6-41F4-A01F-D35EF0DAEC55}.Release|Any CPU.Build.0 = Release|Any CPU
		{6C0F3E3E-E22D-4626-9986-A4D66EB870E7}.Debug|Any CPU.ActiveCfg = Debug|Any CPU
		{6C0F3E3E-E22D-4626-9986-A4D66EB870E7}.Debug|Any CPU.Build.0 = Debug|Any CPU
		{6C0F3E3E-E22D-4626-9986-A4D66EB870E7}.Release|Any CPU.ActiveCfg = Release|Any CPU
		{6C0F3E3E-E22D-4626-9986-A4D66EB870E7}.Release|Any CPU.Build.0 = Release|Any CPU
		{4386476C-89C5-455D-B3B2-6CF6CAF7E717}.Debug|Any CPU.ActiveCfg = Debug|Any CPU
		{4386476C-89C5-455D-B3B2-6CF6CAF7E717}.Debug|Any CPU.Build.0 = Debug|Any CPU
		{4386476C-89C5-455D-B3B2-6CF6CAF7E717}.Release|Any CPU.ActiveCfg = Release|Any CPU
		{4386476C-89C5-455D-B3B2-6CF6CAF7E717}.Release|Any CPU.Build.0 = Release|Any CPU
	EndGlobalSection
	GlobalSection(SolutionProperties) = preSolution
		HideSolutionNode = FALSE
	EndGlobalSection
	GlobalSection(ExtensibilityGlobals) = postSolution
		SolutionGuid = {76464459-0C97-483D-8156-8DDF8BFBDB4F}
	EndGlobalSection
EndGlobal
